// !$*UTF8*$!
{
	archiveVersion = 1;
	classes = {
	};
	objectVersion = 55;
	objects = {

/* Begin PBXBuildFile section */
		CDD77AEF9BCBA1A3B5572EC0 /* Pods_DeezerTest.framework in Frameworks */ = {isa = PBXBuildFile; fileRef = 31D033DB2944776F07F56FF2 /* Pods_DeezerTest.framework */; };
		EA9831FF274935E3000452DA /* APIManager.swift in Sources */ = {isa = PBXBuildFile; fileRef = EA9831FE274935E3000452DA /* APIManager.swift */; };
		EA983201274936D1000452DA /* APIService.swift in Sources */ = {isa = PBXBuildFile; fileRef = EA983200274936D1000452DA /* APIService.swift */; };
		EA983203274A47DD000452DA /* DeezerService.swift in Sources */ = {isa = PBXBuildFile; fileRef = EA983202274A47DD000452DA /* DeezerService.swift */; };
		EAB512E62747BC5700586191 /* AppDelegate.swift in Sources */ = {isa = PBXBuildFile; fileRef = EAB512E52747BC5700586191 /* AppDelegate.swift */; };
		EAB512E82747BC5700586191 /* SceneDelegate.swift in Sources */ = {isa = PBXBuildFile; fileRef = EAB512E72747BC5700586191 /* SceneDelegate.swift */; };
		EAB512EF2747BC5A00586191 /* Assets.xcassets in Resources */ = {isa = PBXBuildFile; fileRef = EAB512EE2747BC5A00586191 /* Assets.xcassets */; };
		EAB512F22747BC5A00586191 /* LaunchScreen.storyboard in Resources */ = {isa = PBXBuildFile; fileRef = EAB512F02747BC5A00586191 /* LaunchScreen.storyboard */; };
		EAB512FA2748E41E00586191 /* AppCoordinator.swift in Sources */ = {isa = PBXBuildFile; fileRef = EAB512F92748E41E00586191 /* AppCoordinator.swift */; };
		EAB512FC2748E7DB00586191 /* HomeController.swift in Sources */ = {isa = PBXBuildFile; fileRef = EAB512FB2748E7DA00586191 /* HomeController.swift */; };
		EAB512FE2748E9E100586191 /* UIView+Extensions.swift in Sources */ = {isa = PBXBuildFile; fileRef = EAB512FD2748E9E100586191 /* UIView+Extensions.swift */; };
		EAB513002748F32C00586191 /* ArtistsCollectionCell.swift in Sources */ = {isa = PBXBuildFile; fileRef = EAB512FF2748F32C00586191 /* ArtistsCollectionCell.swift */; };
		EAB513022748F36600586191 /* UICollectionView+Extensions.swift in Sources */ = {isa = PBXBuildFile; fileRef = EAB513012748F36600586191 /* UICollectionView+Extensions.swift */; };
		EAB5130A27492C7400586191 /* ArtistAlbumsController.swift in Sources */ = {isa = PBXBuildFile; fileRef = EAB5130927492C7400586191 /* ArtistAlbumsController.swift */; };
		EAB5130D27492CCC00586191 /* ArtistAlbumCoordinator.swift in Sources */ = {isa = PBXBuildFile; fileRef = EAB5130C27492CCC00586191 /* ArtistAlbumCoordinator.swift */; };
		EAB5130F27492D6900586191 /* HomeCoordinator.swift in Sources */ = {isa = PBXBuildFile; fileRef = EAB5130E27492D6900586191 /* HomeCoordinator.swift */; };
/* End PBXBuildFile section */

/* Begin PBXFileReference section */
		2CE3C04FBE298DF669933E66 /* Pods-DeezerTest.release.xcconfig */ = {isa = PBXFileReference; includeInIndex = 1; lastKnownFileType = text.xcconfig; name = "Pods-DeezerTest.release.xcconfig"; path = "Target Support Files/Pods-DeezerTest/Pods-DeezerTest.release.xcconfig"; sourceTree = "<group>"; };
		31D033DB2944776F07F56FF2 /* Pods_DeezerTest.framework */ = {isa = PBXFileReference; explicitFileType = wrapper.framework; includeInIndex = 0; path = Pods_DeezerTest.framework; sourceTree = BUILT_PRODUCTS_DIR; };
		5CADA2008A2C4C70EC12DE51 /* Pods-DeezerTest.debug.xcconfig */ = {isa = PBXFileReference; includeInIndex = 1; lastKnownFileType = text.xcconfig; name = "Pods-DeezerTest.debug.xcconfig"; path = "Target Support Files/Pods-DeezerTest/Pods-DeezerTest.debug.xcconfig"; sourceTree = "<group>"; };
		EA9831FE274935E3000452DA /* APIManager.swift */ = {isa = PBXFileReference; lastKnownFileType = sourcecode.swift; path = APIManager.swift; sourceTree = "<group>"; };
		EA983200274936D1000452DA /* APIService.swift */ = {isa = PBXFileReference; lastKnownFileType = sourcecode.swift; path = APIService.swift; sourceTree = "<group>"; };
		EA983202274A47DD000452DA /* DeezerService.swift */ = {isa = PBXFileReference; lastKnownFileType = sourcecode.swift; path = DeezerService.swift; sourceTree = "<group>"; };
		EAB512E22747BC5700586191 /* DeezerTest.app */ = {isa = PBXFileReference; explicitFileType = wrapper.application; includeInIndex = 0; path = DeezerTest.app; sourceTree = BUILT_PRODUCTS_DIR; };
		EAB512E52747BC5700586191 /* AppDelegate.swift */ = {isa = PBXFileReference; lastKnownFileType = sourcecode.swift; path = AppDelegate.swift; sourceTree = "<group>"; };
		EAB512E72747BC5700586191 /* SceneDelegate.swift */ = {isa = PBXFileReference; lastKnownFileType = sourcecode.swift; path = SceneDelegate.swift; sourceTree = "<group>"; };
		EAB512EE2747BC5A00586191 /* Assets.xcassets */ = {isa = PBXFileReference; lastKnownFileType = folder.assetcatalog; path = Assets.xcassets; sourceTree = "<group>"; };
		EAB512F12747BC5A00586191 /* Base */ = {isa = PBXFileReference; lastKnownFileType = file.storyboard; name = Base; path = Base.lproj/LaunchScreen.storyboard; sourceTree = "<group>"; };
		EAB512F32747BC5A00586191 /* Info.plist */ = {isa = PBXFileReference; lastKnownFileType = text.plist.xml; path = Info.plist; sourceTree = "<group>"; };
		EAB512F92748E41E00586191 /* AppCoordinator.swift */ = {isa = PBXFileReference; lastKnownFileType = sourcecode.swift; path = AppCoordinator.swift; sourceTree = "<group>"; };
		EAB512FB2748E7DA00586191 /* HomeController.swift */ = {isa = PBXFileReference; lastKnownFileType = sourcecode.swift; path = HomeController.swift; sourceTree = "<group>"; };
		EAB512FD2748E9E100586191 /* UIView+Extensions.swift */ = {isa = PBXFileReference; lastKnownFileType = sourcecode.swift; path = "UIView+Extensions.swift"; sourceTree = "<group>"; };
		EAB512FF2748F32C00586191 /* ArtistsCollectionCell.swift */ = {isa = PBXFileReference; lastKnownFileType = sourcecode.swift; path = ArtistsCollectionCell.swift; sourceTree = "<group>"; };
		EAB513012748F36600586191 /* UICollectionView+Extensions.swift */ = {isa = PBXFileReference; lastKnownFileType = sourcecode.swift; path = "UICollectionView+Extensions.swift"; sourceTree = "<group>"; };
		EAB5130927492C7400586191 /* ArtistAlbumsController.swift */ = {isa = PBXFileReference; lastKnownFileType = sourcecode.swift; name = ArtistAlbumsController.swift; path = DeezerTest/Source/Album/Views/ArtistAlbumsController.swift; sourceTree = SOURCE_ROOT; };
		EAB5130C27492CCC00586191 /* ArtistAlbumCoordinator.swift */ = {isa = PBXFileReference; lastKnownFileType = sourcecode.swift; path = ArtistAlbumCoordinator.swift; sourceTree = "<group>"; };
		EAB5130E27492D6900586191 /* HomeCoordinator.swift */ = {isa = PBXFileReference; lastKnownFileType = sourcecode.swift; path = HomeCoordinator.swift; sourceTree = "<group>"; };
/* End PBXFileReference section */

/* Begin PBXFrameworksBuildPhase section */
		EAB512DF2747BC5700586191 /* Frameworks */ = {
			isa = PBXFrameworksBuildPhase;
			buildActionMask = 2147483647;
			files = (
				CDD77AEF9BCBA1A3B5572EC0 /* Pods_DeezerTest.framework in Frameworks */,
			);
			runOnlyForDeploymentPostprocessing = 0;
		};
/* End PBXFrameworksBuildPhase section */

/* Begin PBXGroup section */
		D6794E7FEF801499D4FAD0FE /* Frameworks */ = {
			isa = PBXGroup;
			children = (
				31D033DB2944776F07F56FF2 /* Pods_DeezerTest.framework */,
			);
			name = Frameworks;
			sourceTree = "<group>";
		};
		EA9831FD274935CD000452DA /* Network */ = {
			isa = PBXGroup;
			children = (
				EA9831FE274935E3000452DA /* APIManager.swift */,
				EA983200274936D1000452DA /* APIService.swift */,
				EA983202274A47DD000452DA /* DeezerService.swift */,
			);
			path = Network;
			sourceTree = "<group>";
		};
		EAB512D92747BC5700586191 = {
			isa = PBXGroup;
			children = (
				EAB512E42747BC5700586191 /* DeezerTest */,
				EAB512E32747BC5700586191 /* Products */,
				F164DB635B1149FB97A64734 /* Pods */,
				D6794E7FEF801499D4FAD0FE /* Frameworks */,
			);
			sourceTree = "<group>";
		};
		EAB512E32747BC5700586191 /* Products */ = {
			isa = PBXGroup;
			children = (
				EAB512E22747BC5700586191 /* DeezerTest.app */,
			);
			name = Products;
			sourceTree = "<group>";
		};
		EAB512E42747BC5700586191 /* DeezerTest */ = {
			isa = PBXGroup;
			children = (
				EAB5130727492B3500586191 /* Config */,
				EAB5130827492B6000586191 /* Source */,
			);
			path = DeezerTest;
			sourceTree = "<group>";
		};
		EAB5130327492AE600586191 /* Extensions */ = {
			isa = PBXGroup;
			children = (
				EAB512FD2748E9E100586191 /* UIView+Extensions.swift */,
				EAB513012748F36600586191 /* UICollectionView+Extensions.swift */,
			);
			path = Extensions;
			sourceTree = "<group>";
		};
		EAB5130427492AF100586191 /* Home */ = {
			isa = PBXGroup;
			children = (
				EAB5130527492B1900586191 /* Views */,
				EAB5130E27492D6900586191 /* HomeCoordinator.swift */,
			);
			path = Home;
			sourceTree = "<group>";
		};
		EAB5130527492B1900586191 /* Views */ = {
			isa = PBXGroup;
			children = (
				EAB512FB2748E7DA00586191 /* HomeController.swift */,
				EAB512FF2748F32C00586191 /* ArtistsCollectionCell.swift */,
			);
			path = Views;
			sourceTree = "<group>";
		};
		EAB5130627492B2D00586191 /* Resources */ = {
			isa = PBXGroup;
			children = (
				EAB512EE2747BC5A00586191 /* Assets.xcassets */,
				EAB512F02747BC5A00586191 /* LaunchScreen.storyboard */,
			);
			path = Resources;
			sourceTree = "<group>";
		};
		EAB5130727492B3500586191 /* Config */ = {
			isa = PBXGroup;
			children = (
				EAB512F32747BC5A00586191 /* Info.plist */,
			);
			path = Config;
			sourceTree = "<group>";
		};
		EAB5130827492B6000586191 /* Source */ = {
			isa = PBXGroup;
			children = (
				EAB512E52747BC5700586191 /* AppDelegate.swift */,
				EAB512E72747BC5700586191 /* SceneDelegate.swift */,
				EAB512F92748E41E00586191 /* AppCoordinator.swift */,
				EAB5130427492AF100586191 /* Home */,
				EAB5130B27492C7E00586191 /* Album */,
				EA9831FD274935CD000452DA /* Network */,
				EAB5130327492AE600586191 /* Extensions */,
				EAB5130627492B2D00586191 /* Resources */,
			);
			path = Source;
			sourceTree = "<group>";
		};
		EAB5130B27492C7E00586191 /* Album */ = {
			isa = PBXGroup;
			children = (
				EAB5130C27492CCC00586191 /* ArtistAlbumCoordinator.swift */,
				EAB5131027492E6700586191 /* Views */,
			);
			path = Album;
			sourceTree = "<group>";
		};
		EAB5131027492E6700586191 /* Views */ = {
			isa = PBXGroup;
			children = (
				EAB5130927492C7400586191 /* ArtistAlbumsController.swift */,
			);
			path = Views;
			sourceTree = "<group>";
		};
		F164DB635B1149FB97A64734 /* Pods */ = {
			isa = PBXGroup;
			children = (
				5CADA2008A2C4C70EC12DE51 /* Pods-DeezerTest.debug.xcconfig */,
				2CE3C04FBE298DF669933E66 /* Pods-DeezerTest.release.xcconfig */,
			);
			path = Pods;
			sourceTree = "<group>";
		};
/* End PBXGroup section */

/* Begin PBXNativeTarget section */
		EAB512E12747BC5700586191 /* DeezerTest */ = {
			isa = PBXNativeTarget;
			buildConfigurationList = EAB512F62747BC5A00586191 /* Build configuration list for PBXNativeTarget "DeezerTest" */;
			buildPhases = (
				EFB23A271EEE98CCF2B71318 /* [CP] Check Pods Manifest.lock */,
				EAB512DE2747BC5700586191 /* Sources */,
				EAB512DF2747BC5700586191 /* Frameworks */,
				EAB512E02747BC5700586191 /* Resources */,
				E624D2ABA493C93CA8B487C9 /* [CP] Embed Pods Frameworks */,
			);
			buildRules = (
			);
			dependencies = (
			);
			name = DeezerTest;
			productName = DeezerTest;
			productReference = EAB512E22747BC5700586191 /* DeezerTest.app */;
			productType = "com.apple.product-type.application";
		};
/* End PBXNativeTarget section */

/* Begin PBXProject section */
		EAB512DA2747BC5700586191 /* Project object */ = {
			isa = PBXProject;
			attributes = {
				BuildIndependentTargetsInParallel = 1;
				LastSwiftUpdateCheck = 1300;
				LastUpgradeCheck = 1300;
				TargetAttributes = {
					EAB512E12747BC5700586191 = {
						CreatedOnToolsVersion = 13.0;
					};
				};
			};
			buildConfigurationList = EAB512DD2747BC5700586191 /* Build configuration list for PBXProject "DeezerTest" */;
			compatibilityVersion = "Xcode 13.0";
			developmentRegion = en;
			hasScannedForEncodings = 0;
			knownRegions = (
				en,
				Base,
			);
			mainGroup = EAB512D92747BC5700586191;
			productRefGroup = EAB512E32747BC5700586191 /* Products */;
			projectDirPath = "";
			projectRoot = "";
			targets = (
				EAB512E12747BC5700586191 /* DeezerTest */,
			);
		};
/* End PBXProject section */

/* Begin PBXResourcesBuildPhase section */
		EAB512E02747BC5700586191 /* Resources */ = {
			isa = PBXResourcesBuildPhase;
			buildActionMask = 2147483647;
			files = (
				EAB512F22747BC5A00586191 /* LaunchScreen.storyboard in Resources */,
				EAB512EF2747BC5A00586191 /* Assets.xcassets in Resources */,
			);
			runOnlyForDeploymentPostprocessing = 0;
		};
/* End PBXResourcesBuildPhase section */

/* Begin PBXShellScriptBuildPhase section */
		E624D2ABA493C93CA8B487C9 /* [CP] Embed Pods Frameworks */ = {
			isa = PBXShellScriptBuildPhase;
			buildActionMask = 2147483647;
			files = (
			);
			inputFileListPaths = (
				"${PODS_ROOT}/Target Support Files/Pods-DeezerTest/Pods-DeezerTest-frameworks-${CONFIGURATION}-input-files.xcfilelist",
			);
			name = "[CP] Embed Pods Frameworks";
			outputFileListPaths = (
				"${PODS_ROOT}/Target Support Files/Pods-DeezerTest/Pods-DeezerTest-frameworks-${CONFIGURATION}-output-files.xcfilelist",
			);
			runOnlyForDeploymentPostprocessing = 0;
			shellPath = /bin/sh;
			shellScript = "\"${PODS_ROOT}/Target Support Files/Pods-DeezerTest/Pods-DeezerTest-frameworks.sh\"\n";
			showEnvVarsInLog = 0;
		};
		EFB23A271EEE98CCF2B71318 /* [CP] Check Pods Manifest.lock */ = {
			isa = PBXShellScriptBuildPhase;
			buildActionMask = 2147483647;
			files = (
			);
			inputFileListPaths = (
			);
			inputPaths = (
				"${PODS_PODFILE_DIR_PATH}/Podfile.lock",
				"${PODS_ROOT}/Manifest.lock",
			);
			name = "[CP] Check Pods Manifest.lock";
			outputFileListPaths = (
			);
			outputPaths = (
				"$(DERIVED_FILE_DIR)/Pods-DeezerTest-checkManifestLockResult.txt",
			);
			runOnlyForDeploymentPostprocessing = 0;
			shellPath = /bin/sh;
			shellScript = "diff \"${PODS_PODFILE_DIR_PATH}/Podfile.lock\" \"${PODS_ROOT}/Manifest.lock\" > /dev/null\nif [ $? != 0 ] ; then\n    # print error to STDERR\n    echo \"error: The sandbox is not in sync with the Podfile.lock. Run 'pod install' or update your CocoaPods installation.\" >&2\n    exit 1\nfi\n# This output is used by Xcode 'outputs' to avoid re-running this script phase.\necho \"SUCCESS\" > \"${SCRIPT_OUTPUT_FILE_0}\"\n";
			showEnvVarsInLog = 0;
		};
/* End PBXShellScriptBuildPhase section */

/* Begin PBXSourcesBuildPhase section */
		EAB512DE2747BC5700586191 /* Sources */ = {
			isa = PBXSourcesBuildPhase;
			buildActionMask = 2147483647;
			files = (
				EA983203274A47DD000452DA /* DeezerService.swift in Sources */,
				EAB513022748F36600586191 /* UICollectionView+Extensions.swift in Sources */,
				EAB512FC2748E7DB00586191 /* HomeController.swift in Sources */,
				EAB5130D27492CCC00586191 /* ArtistAlbumCoordinator.swift in Sources */,
				EAB512FA2748E41E00586191 /* AppCoordinator.swift in Sources */,
				EA9831FF274935E3000452DA /* APIManager.swift in Sources */,
				EAB513002748F32C00586191 /* ArtistsCollectionCell.swift in Sources */,
				EAB512FE2748E9E100586191 /* UIView+Extensions.swift in Sources */,
				EAB512E62747BC5700586191 /* AppDelegate.swift in Sources */,
				EAB5130F27492D6900586191 /* HomeCoordinator.swift in Sources */,
				EAB5130A27492C7400586191 /* ArtistAlbumsController.swift in Sources */,
				EA983201274936D1000452DA /* APIService.swift in Sources */,
				EAB512E82747BC5700586191 /* SceneDelegate.swift in Sources */,
			);
			runOnlyForDeploymentPostprocessing = 0;
		};
/* End PBXSourcesBuildPhase section */

/* Begin PBXVariantGroup section */
		EAB512F02747BC5A00586191 /* LaunchScreen.storyboard */ = {
			isa = PBXVariantGroup;
			children = (
				EAB512F12747BC5A00586191 /* Base */,
			);
			name = LaunchScreen.storyboard;
			sourceTree = "<group>";
		};
/* End PBXVariantGroup section */

/* Begin XCBuildConfiguration section */
		EAB512F42747BC5A00586191 /* Debug */ = {
			isa = XCBuildConfiguration;
			buildSettings = {
				ALWAYS_SEARCH_USER_PATHS = NO;
				CLANG_ANALYZER_NONNULL = YES;
				CLANG_ANALYZER_NUMBER_OBJECT_CONVERSION = YES_AGGRESSIVE;
				CLANG_CXX_LANGUAGE_STANDARD = "gnu++17";
				CLANG_CXX_LIBRARY = "libc++";
				CLANG_ENABLE_MODULES = YES;
				CLANG_ENABLE_OBJC_ARC = YES;
				CLANG_ENABLE_OBJC_WEAK = YES;
				CLANG_WARN_BLOCK_CAPTURE_AUTORELEASING = YES;
				CLANG_WARN_BOOL_CONVERSION = YES;
				CLANG_WARN_COMMA = YES;
				CLANG_WARN_CONSTANT_CONVERSION = YES;
				CLANG_WARN_DEPRECATED_OBJC_IMPLEMENTATIONS = YES;
				CLANG_WARN_DIRECT_OBJC_ISA_USAGE = YES_ERROR;
				CLANG_WARN_DOCUMENTATION_COMMENTS = YES;
				CLANG_WARN_EMPTY_BODY = YES;
				CLANG_WARN_ENUM_CONVERSION = YES;
				CLANG_WARN_INFINITE_RECURSION = YES;
				CLANG_WARN_INT_CONVERSION = YES;
				CLANG_WARN_NON_LITERAL_NULL_CONVERSION = YES;
				CLANG_WARN_OBJC_IMPLICIT_RETAIN_SELF = YES;
				CLANG_WARN_OBJC_LITERAL_CONVERSION = YES;
				CLANG_WARN_OBJC_ROOT_CLASS = YES_ERROR;
				CLANG_WARN_QUOTED_INCLUDE_IN_FRAMEWORK_HEADER = YES;
				CLANG_WARN_RANGE_LOOP_ANALYSIS = YES;
				CLANG_WARN_STRICT_PROTOTYPES = YES;
				CLANG_WARN_SUSPICIOUS_MOVE = YES;
				CLANG_WARN_UNGUARDED_AVAILABILITY = YES_AGGRESSIVE;
				CLANG_WARN_UNREACHABLE_CODE = YES;
				CLANG_WARN__DUPLICATE_METHOD_MATCH = YES;
				COPY_PHASE_STRIP = NO;
				DEBUG_INFORMATION_FORMAT = dwarf;
				ENABLE_STRICT_OBJC_MSGSEND = YES;
				ENABLE_TESTABILITY = YES;
				GCC_C_LANGUAGE_STANDARD = gnu11;
				GCC_DYNAMIC_NO_PIC = NO;
				GCC_NO_COMMON_BLOCKS = YES;
				GCC_OPTIMIZATION_LEVEL = 0;
				GCC_PREPROCESSOR_DEFINITIONS = (
					"DEBUG=1",
					"$(inherited)",
				);
				GCC_WARN_64_TO_32_BIT_CONVERSION = YES;
				GCC_WARN_ABOUT_RETURN_TYPE = YES_ERROR;
				GCC_WARN_UNDECLARED_SELECTOR = YES;
				GCC_WARN_UNINITIALIZED_AUTOS = YES_AGGRESSIVE;
				GCC_WARN_UNUSED_FUNCTION = YES;
				GCC_WARN_UNUSED_VARIABLE = YES;
				IPHONEOS_DEPLOYMENT_TARGET = 15.0;
				MTL_ENABLE_DEBUG_INFO = INCLUDE_SOURCE;
				MTL_FAST_MATH = YES;
				ONLY_ACTIVE_ARCH = YES;
				SDKROOT = iphoneos;
				SWIFT_ACTIVE_COMPILATION_CONDITIONS = DEBUG;
				SWIFT_OPTIMIZATION_LEVEL = "-Onone";
			};
			name = Debug;
		};
		EAB512F52747BC5A00586191 /* Release */ = {
			isa = XCBuildConfiguration;
			buildSettings = {
				ALWAYS_SEARCH_USER_PATHS = NO;
				CLANG_ANALYZER_NONNULL = YES;
				CLANG_ANALYZER_NUMBER_OBJECT_CONVERSION = YES_AGGRESSIVE;
				CLANG_CXX_LANGUAGE_STANDARD = "gnu++17";
				CLANG_CXX_LIBRARY = "libc++";
				CLANG_ENABLE_MODULES = YES;
				CLANG_ENABLE_OBJC_ARC = YES;
				CLANG_ENABLE_OBJC_WEAK = YES;
				CLANG_WARN_BLOCK_CAPTURE_AUTORELEASING = YES;
				CLANG_WARN_BOOL_CONVERSION = YES;
				CLANG_WARN_COMMA = YES;
				CLANG_WARN_CONSTANT_CONVERSION = YES;
				CLANG_WARN_DEPRECATED_OBJC_IMPLEMENTATIONS = YES;
				CLANG_WARN_DIRECT_OBJC_ISA_USAGE = YES_ERROR;
				CLANG_WARN_DOCUMENTATION_COMMENTS = YES;
				CLANG_WARN_EMPTY_BODY = YES;
				CLANG_WARN_ENUM_CONVERSION = YES;
				CLANG_WARN_INFINITE_RECURSION = YES;
				CLANG_WARN_INT_CONVERSION = YES;
				CLANG_WARN_NON_LITERAL_NULL_CONVERSION = YES;
				CLANG_WARN_OBJC_IMPLICIT_RETAIN_SELF = YES;
				CLANG_WARN_OBJC_LITERAL_CONVERSION = YES;
				CLANG_WARN_OBJC_ROOT_CLASS = YES_ERROR;
				CLANG_WARN_QUOTED_INCLUDE_IN_FRAMEWORK_HEADER = YES;
				CLANG_WARN_RANGE_LOOP_ANALYSIS = YES;
				CLANG_WARN_STRICT_PROTOTYPES = YES;
				CLANG_WARN_SUSPICIOUS_MOVE = YES;
				CLANG_WARN_UNGUARDED_AVAILABILITY = YES_AGGRESSIVE;
				CLANG_WARN_UNREACHABLE_CODE = YES;
				CLANG_WARN__DUPLICATE_METHOD_MATCH = YES;
				COPY_PHASE_STRIP = NO;
				DEBUG_INFORMATION_FORMAT = "dwarf-with-dsym";
				ENABLE_NS_ASSERTIONS = NO;
				ENABLE_STRICT_OBJC_MSGSEND = YES;
				GCC_C_LANGUAGE_STANDARD = gnu11;
				GCC_NO_COMMON_BLOCKS = YES;
				GCC_WARN_64_TO_32_BIT_CONVERSION = YES;
				GCC_WARN_ABOUT_RETURN_TYPE = YES_ERROR;
				GCC_WARN_UNDECLARED_SELECTOR = YES;
				GCC_WARN_UNINITIALIZED_AUTOS = YES_AGGRESSIVE;
				GCC_WARN_UNUSED_FUNCTION = YES;
				GCC_WARN_UNUSED_VARIABLE = YES;
				IPHONEOS_DEPLOYMENT_TARGET = 15.0;
				MTL_ENABLE_DEBUG_INFO = NO;
				MTL_FAST_MATH = YES;
				SDKROOT = iphoneos;
				SWIFT_COMPILATION_MODE = wholemodule;
				SWIFT_OPTIMIZATION_LEVEL = "-O";
				VALIDATE_PRODUCT = YES;
			};
			name = Release;
		};
		EAB512F72747BC5A00586191 /* Debug */ = {
			isa = XCBuildConfiguration;
			baseConfigurationReference = 5CADA2008A2C4C70EC12DE51 /* Pods-DeezerTest.debug.xcconfig */;
			buildSettings = {
				ASSETCATALOG_COMPILER_APPICON_NAME = AppIcon;
				ASSETCATALOG_COMPILER_GLOBAL_ACCENT_COLOR_NAME = AccentColor;
				CODE_SIGN_STYLE = Automatic;
				CURRENT_PROJECT_VERSION = 1;
				DEVELOPMENT_TEAM = 85GFBAHEM6;
				GENERATE_INFOPLIST_FILE = YES;
				INFOPLIST_FILE = DeezerTest/Config/Info.plist;
				INFOPLIST_KEY_UIApplicationSupportsIndirectInputEvents = YES;
				INFOPLIST_KEY_UILaunchStoryboardName = LaunchScreen;
				INFOPLIST_KEY_UISupportedInterfaceOrientations = UIInterfaceOrientationPortrait;
				INFOPLIST_KEY_UISupportedInterfaceOrientations_iPad = "UIInterfaceOrientationPortrait UIInterfaceOrientationPortraitUpsideDown UIInterfaceOrientationLandscapeLeft UIInterfaceOrientationLandscapeRight";
				INFOPLIST_KEY_UISupportedInterfaceOrientations_iPhone = "UIInterfaceOrientationPortrait UIInterfaceOrientationLandscapeLeft UIInterfaceOrientationLandscapeRight";
				LD_RUNPATH_SEARCH_PATHS = (
					"$(inherited)",
					"@executable_path/Frameworks",
				);
				MARKETING_VERSION = 1.0;
				PRODUCT_BUNDLE_IDENTIFIER = com.kcortez.DeezerTest;
				PRODUCT_NAME = "$(TARGET_NAME)";
				SWIFT_EMIT_LOC_STRINGS = YES;
				SWIFT_VERSION = 5.0;
				TARGETED_DEVICE_FAMILY = 1;
			};
			name = Debug;
		};
		EAB512F82747BC5A00586191 /* Release */ = {
			isa = XCBuildConfiguration;
			baseConfigurationReference = 2CE3C04FBE298DF669933E66 /* Pods-DeezerTest.release.xcconfig */;
			buildSettings = {
				ASSETCATALOG_COMPILER_APPICON_NAME = AppIcon;
				ASSETCATALOG_COMPILER_GLOBAL_ACCENT_COLOR_NAME = AccentColor;
				CODE_SIGN_STYLE = Automatic;
				CURRENT_PROJECT_VERSION = 1;
				DEVELOPMENT_TEAM = 85GFBAHEM6;
				GENERATE_INFOPLIST_FILE = YES;
				INFOPLIST_FILE = DeezerTest/Config/Info.plist;
				INFOPLIST_KEY_UIApplicationSupportsIndirectInputEvents = YES;
				INFOPLIST_KEY_UILaunchStoryboardName = LaunchScreen;
				INFOPLIST_KEY_UISupportedInterfaceOrientations = UIInterfaceOrientationPortrait;
				INFOPLIST_KEY_UISupportedInterfaceOrientations_iPad = "UIInterfaceOrientationPortrait UIInterfaceOrientationPortraitUpsideDown UIInterfaceOrientationLandscapeLeft UIInterfaceOrientationLandscapeRight";
				INFOPLIST_KEY_UISupportedInterfaceOrientations_iPhone = "UIInterfaceOrientationPortrait UIInterfaceOrientationLandscapeLeft UIInterfaceOrientationLandscapeRight";
				LD_RUNPATH_SEARCH_PATHS = (
					"$(inherited)",
					"@executable_path/Frameworks",
				);
				MARKETING_VERSION = 1.0;
				PRODUCT_BUNDLE_IDENTIFIER = com.kcortez.DeezerTest;
				PRODUCT_NAME = "$(TARGET_NAME)";
				SWIFT_EMIT_LOC_STRINGS = YES;
				SWIFT_VERSION = 5.0;
				TARGETED_DEVICE_FAMILY = 1;
			};
			name = Release;
		};
/* End XCBuildConfiguration section */

/* Begin XCConfigurationList section */
		EAB512DD2747BC5700586191 /* Build configuration list for PBXProject "DeezerTest" */ = {
			isa = XCConfigurationList;
			buildConfigurations = (
				EAB512F42747BC5A00586191 /* Debug */,
				EAB512F52747BC5A00586191 /* Release */,
			);
			defaultConfigurationIsVisible = 0;
			defaultConfigurationName = Release;
		};
		EAB512F62747BC5A00586191 /* Build configuration list for PBXNativeTarget "DeezerTest" */ = {
			isa = XCConfigurationList;
			buildConfigurations = (
				EAB512F72747BC5A00586191 /* Debug */,
				EAB512F82747BC5A00586191 /* Release */,
			);
			defaultConfigurationIsVisible = 0;
			defaultConfigurationName = Release;
		};
/* End XCConfigurationList section */
	};
	rootObject = EAB512DA2747BC5700586191 /* Project object */;
}
